
Microsoft Visual Studio Solution File, Format Version 12.00
# Visual Studio Version 17
VisualStudioVersion = 17.5.33502.453
MinimumVisualStudioVersion = 10.0.40219.1
Project("{FAE04EC0-301F-11D3-BF4B-00C04F79EFBC}") = "PracticeLINQ", "PracticeLINQ\PracticeLINQ.csproj", "{3EBD0F18-9A30-400F-94D8-AC4EF2F5AB4C}"
EndProject
Global
	GlobalSection(SolutionConfigurationPlatforms) = preSolution
		Debug|Any CPU = Debug|Any CPU
		Release|Any CPU = Release|Any CPU
	EndGlobalSection
	GlobalSection(ProjectConfigurationPlatforms) = postSolution
		{3EBD0F18-9A30-400F-94D8-AC4EF2F5AB4C}.Debug|Any CPU.ActiveCfg = Debug|Any CPU
		{3EBD0F18-9A30-400F-94D8-AC4EF2F5AB4C}.Debug|Any CPU.Build.0 = Debug|Any CPU
		{3EBD0F18-9A30-400F-94D8-AC4EF2F5AB4C}.Release|Any CPU.ActiveCfg = Release|Any CPU
		{3EBD0F18-9A30-400F-94D8-AC4EF2F5AB4C}.Release|Any CPU.Build.0 = Release|Any CPU
	EndGlobalSection
	GlobalSection(SolutionProperties) = preSolution
		HideSolutionNode = FALSE
	EndGlobalSection
	GlobalSection(ExtensibilityGlobals) = postSolution
		SolutionGuid = {8B7FF9B4-868F-45FE-A711-1470115552BA}
	EndGlobalSection
EndGlobal
