
Microsoft Visual Studio Solution File, Format Version 12.00
# Visual Studio Version 17
VisualStudioVersion = 17.5.33502.453
MinimumVisualStudioVersion = 10.0.40219.1
Project("{FAE04EC0-301F-11D3-BF4B-00C04F79EFBC}") = "InputNumbers", "InputNumbers\InputNumbers.csproj", "{A0855060-F2BC-4963-A13D-07CFCBA0027E}"
EndProject
Global
	GlobalSection(SolutionConfigurationPlatforms) = preSolution
		Debug|Any CPU = Debug|Any CPU
		Release|Any CPU = Release|Any CPU
	EndGlobalSection
	GlobalSection(ProjectConfigurationPlatforms) = postSolution
		{A0855060-F2BC-4963-A13D-07CFCBA0027E}.Debug|Any CPU.ActiveCfg = Debug|Any CPU
		{A0855060-F2BC-4963-A13D-07CFCBA0027E}.Debug|Any CPU.Build.0 = Debug|Any CPU
		{A0855060-F2BC-4963-A13D-07CFCBA0027E}.Release|Any CPU.ActiveCfg = Release|Any CPU
		{A0855060-F2BC-4963-A13D-07CFCBA0027E}.Release|Any CPU.Build.0 = Release|Any CPU
	EndGlobalSection
	GlobalSection(SolutionProperties) = preSolution
		HideSolutionNode = FALSE
	EndGlobalSection
	GlobalSection(ExtensibilityGlobals) = postSolution
		SolutionGuid = {AF1E87A2-B646-4098-B69D-2C906D977BC9}
	EndGlobalSection
EndGlobal
