
Microsoft Visual Studio Solution File, Format Version 12.00
# Visual Studio Version 17
VisualStudioVersion = 17.5.33502.453
MinimumVisualStudioVersion = 10.0.40219.1
Project("{FAE04EC0-301F-11D3-BF4B-00C04F79EFBC}") = "Task3Exercise", "Task3Exercise\Task3Exercise.csproj", "{42F6A2C2-CFEB-4C79-AA6C-802A43063552}"
EndProject
Global
	GlobalSection(SolutionConfigurationPlatforms) = preSolution
		Debug|Any CPU = Debug|Any CPU
		Release|Any CPU = Release|Any CPU
	EndGlobalSection
	GlobalSection(ProjectConfigurationPlatforms) = postSolution
		{42F6A2C2-CFEB-4C79-AA6C-802A43063552}.Debug|Any CPU.ActiveCfg = Debug|Any CPU
		{42F6A2C2-CFEB-4C79-AA6C-802A43063552}.Debug|Any CPU.Build.0 = Debug|Any CPU
		{42F6A2C2-CFEB-4C79-AA6C-802A43063552}.Release|Any CPU.ActiveCfg = Release|Any CPU
		{42F6A2C2-CFEB-4C79-AA6C-802A43063552}.Release|Any CPU.Build.0 = Release|Any CPU
	EndGlobalSection
	GlobalSection(SolutionProperties) = preSolution
		HideSolutionNode = FALSE
	EndGlobalSection
	GlobalSection(ExtensibilityGlobals) = postSolution
		SolutionGuid = {F8B13E72-EC31-4FDB-9F1A-6C4B2AF774C0}
	EndGlobalSection
EndGlobal
