
Microsoft Visual Studio Solution File, Format Version 12.00
# Visual Studio Version 17
VisualStudioVersion = 17.5.33502.453
MinimumVisualStudioVersion = 10.0.40219.1
Project("{FAE04EC0-301F-11D3-BF4B-00C04F79EFBC}") = "SumOfEven", "SumOfEven\SumOfEven.csproj", "{6D04F200-122D-4223-8D6B-4023E6C023EF}"
EndProject
Global
	GlobalSection(SolutionConfigurationPlatforms) = preSolution
		Debug|Any CPU = Debug|Any CPU
		Release|Any CPU = Release|Any CPU
	EndGlobalSection
	GlobalSection(ProjectConfigurationPlatforms) = postSolution
		{6D04F200-122D-4223-8D6B-4023E6C023EF}.Debug|Any CPU.ActiveCfg = Debug|Any CPU
		{6D04F200-122D-4223-8D6B-4023E6C023EF}.Debug|Any CPU.Build.0 = Debug|Any CPU
		{6D04F200-122D-4223-8D6B-4023E6C023EF}.Release|Any CPU.ActiveCfg = Release|Any CPU
		{6D04F200-122D-4223-8D6B-4023E6C023EF}.Release|Any CPU.Build.0 = Release|Any CPU
	EndGlobalSection
	GlobalSection(SolutionProperties) = preSolution
		HideSolutionNode = FALSE
	EndGlobalSection
	GlobalSection(ExtensibilityGlobals) = postSolution
		SolutionGuid = {E4F111F8-9FF8-4BD0-913D-3431949B1FB9}
	EndGlobalSection
EndGlobal
